// !$*UTF8*$!
{
	archiveVersion = 1;
	classes = {
	};
	objectVersion = 46;
	objects = {

/* Begin PBXBuildFile section */
		BE739B5300A76EC1CDBD3384 /* Pods_MyOwn.framework in Frameworks */ = {isa = PBXBuildFile; fileRef = 37968EECD2ABC40609F26283 /* Pods_MyOwn.framework */; };
		FABB65441ED1F2630060EFE9 /* AppDelegate.swift in Sources */ = {isa = PBXBuildFile; fileRef = FABB65431ED1F2630060EFE9 /* AppDelegate.swift */; };
		FABB65461ED1F2630060EFE9 /* LoginViewController.swift in Sources */ = {isa = PBXBuildFile; fileRef = FABB65451ED1F2630060EFE9 /* LoginViewController.swift */; };
		FABB65491ED1F2630060EFE9 /* Main.storyboard in Resources */ = {isa = PBXBuildFile; fileRef = FABB65471ED1F2630060EFE9 /* Main.storyboard */; };
		FABB654E1ED1F2630060EFE9 /* LaunchScreen.storyboard in Resources */ = {isa = PBXBuildFile; fileRef = FABB654C1ED1F2630060EFE9 /* LaunchScreen.storyboard */; };
		FABB655F1ED207220060EFE9 /* GoogleService-Info.plist in Resources */ = {isa = PBXBuildFile; fileRef = FABB655E1ED207220060EFE9 /* GoogleService-Info.plist */; };
		FABB65621ED2CDB70060EFE9 /* PlaceItem.swift in Sources */ = {isa = PBXBuildFile; fileRef = FABB65611ED2CDB70060EFE9 /* PlaceItem.swift */; };
		FABB65641ED2CE690060EFE9 /* User.swift in Sources */ = {isa = PBXBuildFile; fileRef = FABB65631ED2CE690060EFE9 /* User.swift */; };
		FABB65691ED2FEDD0060EFE9 /* Button.swift in Sources */ = {isa = PBXBuildFile; fileRef = FABB65681ED2FEDD0060EFE9 /* Button.swift */; };
		FABB656A1ED30E780060EFE9 /* Assets.xcassets in Resources */ = {isa = PBXBuildFile; fileRef = FABB654A1ED1F2630060EFE9 /* Assets.xcassets */; };
		FABB656F1ED320940060EFE9 /* PlacesItemTableViewController.swift in Sources */ = {isa = PBXBuildFile; fileRef = FABB656E1ED320940060EFE9 /* PlacesItemTableViewController.swift */; };
		FABB65711ED346480060EFE9 /* OnlineUsersTableViewController.swift in Sources */ = {isa = PBXBuildFile; fileRef = FABB65701ED346480060EFE9 /* OnlineUsersTableViewController.swift */; };
/* End PBXBuildFile section */

/* Begin PBXFileReference section */
		37968EECD2ABC40609F26283 /* Pods_MyOwn.framework */ = {isa = PBXFileReference; explicitFileType = wrapper.framework; includeInIndex = 0; path = Pods_MyOwn.framework; sourceTree = BUILT_PRODUCTS_DIR; };
		ACBFD60D70A846F34F3EA8F5 /* Pods-MyOwn.debug.xcconfig */ = {isa = PBXFileReference; includeInIndex = 1; lastKnownFileType = text.xcconfig; name = "Pods-MyOwn.debug.xcconfig"; path = "Pods/Target Support Files/Pods-MyOwn/Pods-MyOwn.debug.xcconfig"; sourceTree = "<group>"; };
		AF9B37A4EAECAEBF9C140501 /* Pods-MyOwn.release.xcconfig */ = {isa = PBXFileReference; includeInIndex = 1; lastKnownFileType = text.xcconfig; name = "Pods-MyOwn.release.xcconfig"; path = "Pods/Target Support Files/Pods-MyOwn/Pods-MyOwn.release.xcconfig"; sourceTree = "<group>"; };
		FABB65401ED1F2620060EFE9 /* MyOwn.app */ = {isa = PBXFileReference; explicitFileType = wrapper.application; includeInIndex = 0; path = MyOwn.app; sourceTree = BUILT_PRODUCTS_DIR; };
		FABB65431ED1F2630060EFE9 /* AppDelegate.swift */ = {isa = PBXFileReference; lastKnownFileType = sourcecode.swift; path = AppDelegate.swift; sourceTree = "<group>"; };
		FABB65451ED1F2630060EFE9 /* LoginViewController.swift */ = {isa = PBXFileReference; lastKnownFileType = sourcecode.swift; path = LoginViewController.swift; sourceTree = "<group>"; };
		FABB65481ED1F2630060EFE9 /* Base */ = {isa = PBXFileReference; lastKnownFileType = file.storyboard; name = Base; path = Base.lproj/Main.storyboard; sourceTree = "<group>"; };
		FABB654A1ED1F2630060EFE9 /* Assets.xcassets */ = {isa = PBXFileReference; lastKnownFileType = folder.assetcatalog; path = Assets.xcassets; sourceTree = "<group>"; };
		FABB654D1ED1F2630060EFE9 /* Base */ = {isa = PBXFileReference; lastKnownFileType = file.storyboard; name = Base; path = Base.lproj/LaunchScreen.storyboard; sourceTree = "<group>"; };
		FABB654F1ED1F2630060EFE9 /* Info.plist */ = {isa = PBXFileReference; lastKnownFileType = text.plist.xml; path = Info.plist; sourceTree = "<group>"; };
		FABB655E1ED207220060EFE9 /* GoogleService-Info.plist */ = {isa = PBXFileReference; fileEncoding = 4; lastKnownFileType = text.plist.xml; name = "GoogleService-Info.plist"; path = "../../../../../../Downloads/GoogleService-Info.plist"; sourceTree = "<group>"; };
		FABB65601ED227680060EFE9 /* MyOwn.entitlements */ = {isa = PBXFileReference; lastKnownFileType = text.plist.entitlements; path = MyOwn.entitlements; sourceTree = "<group>"; };
		FABB65611ED2CDB70060EFE9 /* PlaceItem.swift */ = {isa = PBXFileReference; fileEncoding = 4; lastKnownFileType = sourcecode.swift; name = PlaceItem.swift; path = ../PlaceItem.swift; sourceTree = "<group>"; };
		FABB65631ED2CE690060EFE9 /* User.swift */ = {isa = PBXFileReference; fileEncoding = 4; lastKnownFileType = sourcecode.swift; name = User.swift; path = ../User.swift; sourceTree = "<group>"; };
		FABB65681ED2FEDD0060EFE9 /* Button.swift */ = {isa = PBXFileReference; fileEncoding = 4; lastKnownFileType = sourcecode.swift; path = Button.swift; sourceTree = "<group>"; };
		FABB656E1ED320940060EFE9 /* PlacesItemTableViewController.swift */ = {isa = PBXFileReference; fileEncoding = 4; lastKnownFileType = sourcecode.swift; name = PlacesItemTableViewController.swift; path = ../PlacesItemTableViewController.swift; sourceTree = "<group>"; };
		FABB65701ED346480060EFE9 /* OnlineUsersTableViewController.swift */ = {isa = PBXFileReference; fileEncoding = 4; lastKnownFileType = sourcecode.swift; name = OnlineUsersTableViewController.swift; path = ../OnlineUsersTableViewController.swift; sourceTree = "<group>"; };
/* End PBXFileReference section */

/* Begin PBXFrameworksBuildPhase section */
		FABB653D1ED1F2620060EFE9 /* Frameworks */ = {
			isa = PBXFrameworksBuildPhase;
			buildActionMask = 2147483647;
			files = (
				BE739B5300A76EC1CDBD3384 /* Pods_MyOwn.framework in Frameworks */,
			);
			runOnlyForDeploymentPostprocessing = 0;
		};
/* End PBXFrameworksBuildPhase section */

/* Begin PBXGroup section */
		13B34E302FA41808A5D10F42 /* Pods */ = {
			isa = PBXGroup;
			children = (
				ACBFD60D70A846F34F3EA8F5 /* Pods-MyOwn.debug.xcconfig */,
				AF9B37A4EAECAEBF9C140501 /* Pods-MyOwn.release.xcconfig */,
			);
			name = Pods;
			sourceTree = "<group>";
		};
		891DA51FEAA99F9635E185BF /* Frameworks */ = {
			isa = PBXGroup;
			children = (
				37968EECD2ABC40609F26283 /* Pods_MyOwn.framework */,
			);
			name = Frameworks;
			sourceTree = "<group>";
		};
		FABB65371ED1F2620060EFE9 = {
			isa = PBXGroup;
			children = (
				FABB65421ED1F2630060EFE9 /* MyOwn */,
				FABB65411ED1F2620060EFE9 /* Products */,
				13B34E302FA41808A5D10F42 /* Pods */,
				891DA51FEAA99F9635E185BF /* Frameworks */,
			);
			sourceTree = "<group>";
		};
		FABB65411ED1F2620060EFE9 /* Products */ = {
			isa = PBXGroup;
			children = (
				FABB65401ED1F2620060EFE9 /* MyOwn.app */,
			);
			name = Products;
			sourceTree = "<group>";
		};
		FABB65421ED1F2630060EFE9 /* MyOwn */ = {
			isa = PBXGroup;
			children = (
				FABB65601ED227680060EFE9 /* MyOwn.entitlements */,
				FABB655E1ED207220060EFE9 /* GoogleService-Info.plist */,
				FABB65701ED346480060EFE9 /* OnlineUsersTableViewController.swift */,
				FABB65431ED1F2630060EFE9 /* AppDelegate.swift */,
				FABB656E1ED320940060EFE9 /* PlacesItemTableViewController.swift */,
				FABB65451ED1F2630060EFE9 /* LoginViewController.swift */,
				FABB65681ED2FEDD0060EFE9 /* Button.swift */,
				FABB65631ED2CE690060EFE9 /* User.swift */,
				FABB65611ED2CDB70060EFE9 /* PlaceItem.swift */,
				FABB65471ED1F2630060EFE9 /* Main.storyboard */,
				FABB654A1ED1F2630060EFE9 /* Assets.xcassets */,
				FABB654C1ED1F2630060EFE9 /* LaunchScreen.storyboard */,
				FABB654F1ED1F2630060EFE9 /* Info.plist */,
			);
			path = MyOwn;
			sourceTree = "<group>";
		};
/* End PBXGroup section */

/* Begin PBXNativeTarget section */
		FABB653F1ED1F2620060EFE9 /* MyOwn */ = {
			isa = PBXNativeTarget;
			buildConfigurationList = FABB65521ED1F2630060EFE9 /* Build configuration list for PBXNativeTarget "MyOwn" */;
			buildPhases = (
				7D1E5D759B56E0B960A715EB /* [CP] Check Pods Manifest.lock */,
				FABB653C1ED1F2620060EFE9 /* Sources */,
				FABB653D1ED1F2620060EFE9 /* Frameworks */,
				FABB653E1ED1F2620060EFE9 /* Resources */,
				680E2A2EAED3C1CBD802CEA3 /* [CP] Embed Pods Frameworks */,
				5415BE4262FAB748F3E7C26F /* [CP] Copy Pods Resources */,
			);
			buildRules = (
			);
			dependencies = (
			);
			name = MyOwn;
			productName = MyOwn;
			productReference = FABB65401ED1F2620060EFE9 /* MyOwn.app */;
			productType = "com.apple.product-type.application";
		};
/* End PBXNativeTarget section */

/* Begin PBXProject section */
		FABB65381ED1F2620060EFE9 /* Project object */ = {
			isa = PBXProject;
			attributes = {
				LastSwiftUpdateCheck = 0830;
				LastUpgradeCheck = 0830;
				ORGANIZATIONNAME = "Alexander Rinne";
				TargetAttributes = {
					FABB653F1ED1F2620060EFE9 = {
						CreatedOnToolsVersion = 8.3.2;
						DevelopmentTeam = RF658R7Y87;
						ProvisioningStyle = Automatic;
						SystemCapabilities = {
							com.apple.Keychain = {
								enabled = 1;
							};
						};
					};
				};
			};
			buildConfigurationList = FABB653B1ED1F2620060EFE9 /* Build configuration list for PBXProject "MyOwn" */;
			compatibilityVersion = "Xcode 3.2";
			developmentRegion = English;
			hasScannedForEncodings = 0;
			knownRegions = (
				en,
				Base,
			);
			mainGroup = FABB65371ED1F2620060EFE9;
			productRefGroup = FABB65411ED1F2620060EFE9 /* Products */;
			projectDirPath = "";
			projectRoot = "";
			targets = (
				FABB653F1ED1F2620060EFE9 /* MyOwn */,
			);
		};
/* End PBXProject section */

/* Begin PBXResourcesBuildPhase section */
		FABB653E1ED1F2620060EFE9 /* Resources */ = {
			isa = PBXResourcesBuildPhase;
			buildActionMask = 2147483647;
			files = (
				FABB654E1ED1F2630060EFE9 /* LaunchScreen.storyboard in Resources */,
				FABB655F1ED207220060EFE9 /* GoogleService-Info.plist in Resources */,
				FABB656A1ED30E780060EFE9 /* Assets.xcassets in Resources */,
				FABB65491ED1F2630060EFE9 /* Main.storyboard in Resources */,
			);
			runOnlyForDeploymentPostprocessing = 0;
		};
/* End PBXResourcesBuildPhase section */

/* Begin PBXShellScriptBuildPhase section */
		5415BE4262FAB748F3E7C26F /* [CP] Copy Pods Resources */ = {
			isa = PBXShellScriptBuildPhase;
			buildActionMask = 2147483647;
			files = (
			);
			inputPaths = (
			);
			name = "[CP] Copy Pods Resources";
			outputPaths = (
			);
			runOnlyForDeploymentPostprocessing = 0;
			shellPath = /bin/sh;
			shellScript = "\"${SRCROOT}/Pods/Target Support Files/Pods-MyOwn/Pods-MyOwn-resources.sh\"\n";
			showEnvVarsInLog = 0;
		};
		680E2A2EAED3C1CBD802CEA3 /* [CP] Embed Pods Frameworks */ = {
			isa = PBXShellScriptBuildPhase;
			buildActionMask = 2147483647;
			files = (
			);
			inputPaths = (
			);
			name = "[CP] Embed Pods Frameworks";
			outputPaths = (
			);
			runOnlyForDeploymentPostprocessing = 0;
			shellPath = /bin/sh;
			shellScript = "\"${SRCROOT}/Pods/Target Support Files/Pods-MyOwn/Pods-MyOwn-frameworks.sh\"\n";
			showEnvVarsInLog = 0;
		};
		7D1E5D759B56E0B960A715EB /* [CP] Check Pods Manifest.lock */ = {
			isa = PBXShellScriptBuildPhase;
			buildActionMask = 2147483647;
			files = (
			);
			inputPaths = (
			);
			name = "[CP] Check Pods Manifest.lock";
			outputPaths = (
			);
			runOnlyForDeploymentPostprocessing = 0;
			shellPath = /bin/sh;
			shellScript = "diff \"${PODS_ROOT}/../Podfile.lock\" \"${PODS_ROOT}/Manifest.lock\" > /dev/null\nif [ $? != 0 ] ; then\n    # print error to STDERR\n    echo \"error: The sandbox is not in sync with the Podfile.lock. Run 'pod install' or update your CocoaPods installation.\" >&2\n    exit 1\nfi\n";
			showEnvVarsInLog = 0;
		};
/* End PBXShellScriptBuildPhase section */

/* Begin PBXSourcesBuildPhase section */
		FABB653C1ED1F2620060EFE9 /* Sources */ = {
			isa = PBXSourcesBuildPhase;
			buildActionMask = 2147483647;
			files = (
				FABB65691ED2FEDD0060EFE9 /* Button.swift in Sources */,
				FABB65641ED2CE690060EFE9 /* User.swift in Sources */,
				FABB656F1ED320940060EFE9 /* PlacesItemTableViewController.swift in Sources */,
				FABB65461ED1F2630060EFE9 /* LoginViewController.swift in Sources */,
				FABB65711ED346480060EFE9 /* OnlineUsersTableViewController.swift in Sources */,
				FABB65441ED1F2630060EFE9 /* AppDelegate.swift in Sources */,
				FABB65621ED2CDB70060EFE9 /* PlaceItem.swift in Sources */,
			);
			runOnlyForDeploymentPostprocessing = 0;
		};
/* End PBXSourcesBuildPhase section */

/* Begin PBXVariantGroup section */
		FABB65471ED1F2630060EFE9 /* Main.storyboard */ = {
			isa = PBXVariantGroup;
			children = (
				FABB65481ED1F2630060EFE9 /* Base */,
			);
			name = Main.storyboard;
			sourceTree = "<group>";
		};
		FABB654C1ED1F2630060EFE9 /* LaunchScreen.storyboard */ = {
			isa = PBXVariantGroup;
			children = (
				FABB654D1ED1F2630060EFE9 /* Base */,
			);
			name = LaunchScreen.storyboard;
			sourceTree = "<group>";
		};
/* End PBXVariantGroup section */

/* Begin XCBuildConfiguration section */
		FABB65501ED1F2630060EFE9 /* Debug */ = {
			isa = XCBuildConfiguration;
			buildSettings = {
				ALWAYS_SEARCH_USER_PATHS = NO;
				CLANG_ANALYZER_NONNULL = YES;
				CLANG_ANALYZER_NUMBER_OBJECT_CONVERSION = YES_AGGRESSIVE;
				CLANG_CXX_LANGUAGE_STANDARD = "gnu++0x";
				CLANG_CXX_LIBRARY = "libc++";
				CLANG_ENABLE_MODULES = YES;
				CLANG_ENABLE_OBJC_ARC = YES;
				CLANG_WARN_BOOL_CONVERSION = YES;
				CLANG_WARN_CONSTANT_CONVERSION = YES;
				CLANG_WARN_DIRECT_OBJC_ISA_USAGE = YES_ERROR;
				CLANG_WARN_DOCUMENTATION_COMMENTS = YES;
				CLANG_WARN_EMPTY_BODY = YES;
				CLANG_WARN_ENUM_CONVERSION = YES;
				CLANG_WARN_INFINITE_RECURSION = YES;
				CLANG_WARN_INT_CONVERSION = YES;
				CLANG_WARN_OBJC_ROOT_CLASS = YES_ERROR;
				CLANG_WARN_SUSPICIOUS_MOVE = YES;
				CLANG_WARN_UNREACHABLE_CODE = YES;
				CLANG_WARN__DUPLICATE_METHOD_MATCH = YES;
				"CODE_SIGN_IDENTITY[sdk=iphoneos*]" = "iPhone Developer";
				COPY_PHASE_STRIP = NO;
				DEBUG_INFORMATION_FORMAT = dwarf;
				ENABLE_STRICT_OBJC_MSGSEND = YES;
				ENABLE_TESTABILITY = YES;
				GCC_C_LANGUAGE_STANDARD = gnu99;
				GCC_DYNAMIC_NO_PIC = NO;
				GCC_NO_COMMON_BLOCKS = YES;
				GCC_OPTIMIZATION_LEVEL = 0;
				GCC_PREPROCESSOR_DEFINITIONS = (
					"DEBUG=1",
					"$(inherited)",
				);
				GCC_WARN_64_TO_32_BIT_CONVERSION = YES;
				GCC_WARN_ABOUT_RETURN_TYPE = YES_ERROR;
				GCC_WARN_UNDECLARED_SELECTOR = YES;
				GCC_WARN_UNINITIALIZED_AUTOS = YES_AGGRESSIVE;
				GCC_WARN_UNUSED_FUNCTION = YES;
				GCC_WARN_UNUSED_VARIABLE = YES;
				IPHONEOS_DEPLOYMENT_TARGET = 10.3;
				MTL_ENABLE_DEBUG_INFO = YES;
				ONLY_ACTIVE_ARCH = YES;
				SDKROOT = iphoneos;
				SWIFT_ACTIVE_COMPILATION_CONDITIONS = DEBUG;
				SWIFT_OPTIMIZATION_LEVEL = "-Onone";
				TARGETED_DEVICE_FAMILY = "1,2";
			};
			name = Debug;
		};
		FABB65511ED1F2630060EFE9 /* Release */ = {
			isa = XCBuildConfiguration;
			buildSettings = {
				ALWAYS_SEARCH_USER_PATHS = NO;
				CLANG_ANALYZER_NONNULL = YES;
				CLANG_ANALYZER_NUMBER_OBJECT_CONVERSION = YES_AGGRESSIVE;
				CLANG_CXX_LANGUAGE_STANDARD = "gnu++0x";
				CLANG_CXX_LIBRARY = "libc++";
				CLANG_ENABLE_MODULES = YES;
				CLANG_ENABLE_OBJC_ARC = YES;
				CLANG_WARN_BOOL_CONVERSION = YES;
				CLANG_WARN_CONSTANT_CONVERSION = YES;
				CLANG_WARN_DIRECT_OBJC_ISA_USAGE = YES_ERROR;
				CLANG_WARN_DOCUMENTATION_COMMENTS = YES;
				CLANG_WARN_EMPTY_BODY = YES;
				CLANG_WARN_ENUM_CONVERSION = YES;
				CLANG_WARN_INFINITE_RECURSION = YES;
				CLANG_WARN_INT_CONVERSION = YES;
				CLANG_WARN_OBJC_ROOT_CLASS = YES_ERROR;
				CLANG_WARN_SUSPICIOUS_MOVE = YES;
				CLANG_WARN_UNREACHABLE_CODE = YES;
				CLANG_WARN__DUPLICATE_METHOD_MATCH = YES;
				"CODE_SIGN_IDENTITY[sdk=iphoneos*]" = "iPhone Developer";
				COPY_PHASE_STRIP = NO;
				DEBUG_INFORMATION_FORMAT = "dwarf-with-dsym";
				ENABLE_NS_ASSERTIONS = NO;
				ENABLE_STRICT_OBJC_MSGSEND = YES;
				GCC_C_LANGUAGE_STANDARD = gnu99;
				GCC_NO_COMMON_BLOCKS = YES;
				GCC_WARN_64_TO_32_BIT_CONVERSION = YES;
				GCC_WARN_ABOUT_RETURN_TYPE = YES_ERROR;
				GCC_WARN_UNDECLARED_SELECTOR = YES;
				GCC_WARN_UNINITIALIZED_AUTOS = YES_AGGRESSIVE;
				GCC_WARN_UNUSED_FUNCTION = YES;
				GCC_WARN_UNUSED_VARIABLE = YES;
				IPHONEOS_DEPLOYMENT_TARGET = 10.3;
				MTL_ENABLE_DEBUG_INFO = NO;
				SDKROOT = iphoneos;
				SWIFT_OPTIMIZATION_LEVEL = "-Owholemodule";
				TARGETED_DEVICE_FAMILY = "1,2";
				VALIDATE_PRODUCT = YES;
			};
			name = Release;
		};
		FABB65531ED1F2630060EFE9 /* Debug */ = {
			isa = XCBuildConfiguration;
			baseConfigurationReference = ACBFD60D70A846F34F3EA8F5 /* Pods-MyOwn.debug.xcconfig */;
			buildSettings = {
				ASSETCATALOG_COMPILER_APPICON_NAME = AppIcon;
				CODE_SIGN_ENTITLEMENTS = MyOwn/MyOwn.entitlements;
				DEVELOPMENT_TEAM = RF658R7Y87;
				INFOPLIST_FILE = MyOwn/Info.plist;
				LD_RUNPATH_SEARCH_PATHS = "$(inherited) @executable_path/Frameworks";
				PRODUCT_BUNDLE_IDENTIFIER = nl.mprog.MyOwn;
				PRODUCT_NAME = "$(TARGET_NAME)";
				SWIFT_VERSION = 3.0;
			};
			name = Debug;
		};
		FABB65541ED1F2630060EFE9 /* Release */ = {
			isa = XCBuildConfiguration;
			baseConfigurationReference = AF9B37A4EAECAEBF9C140501 /* Pods-MyOwn.release.xcconfig */;
			buildSettings = {
				ASSETCATALOG_COMPILER_APPICON_NAME = AppIcon;
				CODE_SIGN_ENTITLEMENTS = MyOwn/MyOwn.entitlements;
				DEVELOPMENT_TEAM = RF658R7Y87;
				INFOPLIST_FILE = MyOwn/Info.plist;
				LD_RUNPATH_SEARCH_PATHS = "$(inherited) @executable_path/Frameworks";
				PRODUCT_BUNDLE_IDENTIFIER = nl.mprog.MyOwn;
				PRODUCT_NAME = "$(TARGET_NAME)";
				SWIFT_VERSION = 3.0;
			};
			name = Release;
		};
/* End XCBuildConfiguration section */

/* Begin XCConfigurationList section */
		FABB653B1ED1F2620060EFE9 /* Build configuration list for PBXProject "MyOwn" */ = {
			isa = XCConfigurationList;
			buildConfigurations = (
				FABB65501ED1F2630060EFE9 /* Debug */,
				FABB65511ED1F2630060EFE9 /* Release */,
			);
			defaultConfigurationIsVisible = 0;
			defaultConfigurationName = Release;
		};
		FABB65521ED1F2630060EFE9 /* Build configuration list for PBXNativeTarget "MyOwn" */ = {
			isa = XCConfigurationList;
			buildConfigurations = (
				FABB65531ED1F2630060EFE9 /* Debug */,
				FABB65541ED1F2630060EFE9 /* Release */,
			);
			defaultConfigurationIsVisible = 0;
			defaultConfigurationName = Release;
		};
/* End XCConfigurationList section */
	};
	rootObject = FABB65381ED1F2620060EFE9 /* Project object */;
}
